Microsoft Visual Studio Solution File, Format Version 12.00
# Visual Studio Version 17
VisualStudioVersion = 17.5.2.0
MinimumVisualStudioVersion = 10.0.40219.1
Project("{FAE04EC0-301F-11D3-BF4B-00C04F79EFBC}") = "ZebraBet.API.UnitTests", "ZebraBet.API.UnitTests.csproj", "{36C02044-B53E-2986-B8BF-17C04C32D2DC}"
EndProject
Global
	GlobalSection(SolutionConfigurationPlatforms) = preSolution
		Debug|Any CPU = Debug|Any CPU
		Release|Any CPU = Release|Any CPU
	EndGlobalSection
	GlobalSection(ProjectConfigurationPlatforms) = postSolution
		{36C02044-B53E-2986-B8BF-17C04C32D2DC}.Debug|Any CPU.ActiveCfg = Debug|Any CPU
		{36C02044-B53E-2986-B8BF-17C04C32D2DC}.Debug|Any CPU.Build.0 = Debug|Any CPU
		{36C02044-B53E-2986-B8BF-17C04C32D2DC}.Release|Any CPU.ActiveCfg = Release|Any CPU
		{36C02044-B53E-2986-B8BF-17C04C32D2DC}.Release|Any CPU.Build.0 = Release|Any CPU
	EndGlobalSection
	GlobalSection(SolutionProperties) = preSolution
		HideSolutionNode = FALSE
	EndGlobalSection
	GlobalSection(ExtensibilityGlobals) = postSolution
		SolutionGuid = {13CA307A-360A-416D-AAFF-2182C4C4058D}
	EndGlobalSection
EndGlobal
